
Microsoft Visual Studio Solution File, Format Version 12.00
# Visual Studio 14
VisualStudioVersion = 14.0.25420.1
MinimumVisualStudioVersion = 10.0.40219.1
Project("{FAE04EC0-301F-11D3-BF4B-00C04F79EFBC}") = "let_see_if_it_works", "let_see_if_it_works\let_see_if_it_works.csproj", "{AD8E06BE-9E40-4DBB-9A60-94B6E93C4818}"
EndProject
Global
	GlobalSection(SolutionConfigurationPlatforms) = preSolution
		Debug|Any CPU = Debug|Any CPU
		Release|Any CPU = Release|Any CPU
	EndGlobalSection
	GlobalSection(ProjectConfigurationPlatforms) = postSolution
		{AD8E06BE-9E40-4DBB-9A60-94B6E93C4818}.Debug|Any CPU.ActiveCfg = Debug|Any CPU
		{AD8E06BE-9E40-4DBB-9A60-94B6E93C4818}.Debug|Any CPU.Build.0 = Debug|Any CPU
		{AD8E06BE-9E40-4DBB-9A60-94B6E93C4818}.Release|Any CPU.ActiveCfg = Release|Any CPU
		{AD8E06BE-9E40-4DBB-9A60-94B6E93C4818}.Release|Any CPU.Build.0 = Release|Any CPU
	EndGlobalSection
	GlobalSection(SolutionProperties) = preSolution
		HideSolutionNode = FALSE
	EndGlobalSection
EndGlobal
